Microsoft Visual Studio Solution File, Format Version 12.00
# Visual Studio Version 17
VisualStudioVersion = 17.0.31903.59
MinimumVisualStudioVersion = 10.0.40219.1
Project("{2150E333-8FDC-42A3-9474-1A3956D46DE8}") = "src", "src", "{A32EC725-C1FE-45CA-82A6-FE0AE386FE76}"
EndProject
Project("{FAE04EC0-301F-11D3-BF4B-00C04F79EFBC}") = "JunimoGate.Core", "src\JunimoGate.Core\JunimoGate.Core.csproj", "{3B215746-5B20-4D27-9C91-E323F6665C0F}"
EndProject
Project("{FAE04EC0-301F-11D3-BF4B-00C04F79EFBC}") = "JunimoGate.Android", "src\JunimoGate.Android\JunimoGate.Android.csproj", "{2B6A2AAC-0749-4144-B33D-2CE5954D54EA}"
EndProject
Project("{FAE04EC0-301F-11D3-BF4B-00C04F79EFBC}") = "JunimoGate.Extraction", "src\JunimoGate.Extraction\JunimoGate.Extraction.csproj", "{58F81B5C-9558-44B9-ABA1-78AF230126C9}"
EndProject
Project("{FAE04EC0-301F-11D3-BF4B-00C04F79EFBC}") = "JunimoGate.Rewriter", "src\JunimoGate.Rewriter\JunimoGate.Rewriter.csproj", "{87847170-22F9-4DAA-90EF-D1BD583680C7}"
EndProject
Project("{FAE04EC0-301F-11D3-BF4B-00C04F79EFBC}") = "JunimoGate.GameHost", "src\JunimoGate.GameHost\JunimoGate.GameHost.csproj", "{3C4D7752-8E3E-4FB4-AD0A-A44038D3D1D0}"
EndProject
Project("{FAE04EC0-301F-11D3-BF4B-00C04F79EFBC}") = "JunimoGate.Mods", "src\JunimoGate.Mods\JunimoGate.Mods.csproj", "{1167E22D-AFBD-4EAB-BABB-73DCBF904DBE}"
EndProject
Project("{FAE04EC0-301F-11D3-BF4B-00C04F79EFBC}") = "JunimoGate.App", "src\JunimoGate.App\JunimoGate.App.csproj", "{245C8743-C7F8-462C-B602-42EF61BA2E89}"
EndProject
Project("{2150E333-8FDC-42A3-9474-1A3956D46DE8}") = "tools", "tools", "{9AE4A204-9515-4C7C-85BF-2099B10442C6}"
EndProject
Project("{FAE04EC0-301F-11D3-BF4B-00C04F79EFBC}") = "JunimoGate.RuntimeProbe", "tools\JunimoGate.RuntimeProbe\JunimoGate.RuntimeProbe.csproj", "{689C969A-09BB-4D76-A599-9FBB52C730D0}"
EndProject
Project("{FAE04EC0-301F-11D3-BF4B-00C04F79EFBC}") = "JunimoGate.RuntimePack", "tools\JunimoGate.RuntimePack\JunimoGate.RuntimePack.csproj", "{A62948E3-9A46-4580-AD98-2319968BF330}"
EndProject
Project("{2150E333-8FDC-42A3-9474-1A3956D46DE8}") = "tests", "tests", "{4C529050-2BC3-43E3-AA20-62568FBB40A6}"
EndProject
Project("{FAE04EC0-301F-11D3-BF4B-00C04F79EFBC}") = "JunimoGate.Core.Tests", "tests\JunimoGate.Core.Tests\JunimoGate.Core.Tests.csproj", "{05462C6D-85D0-48B2-9A60-D650A1C28E0D}"
EndProject
Project("{FAE04EC0-301F-11D3-BF4B-00C04F79EFBC}") = "JunimoGate.Extraction.Tests", "tests\JunimoGate.Extraction.Tests\JunimoGate.Extraction.Tests.csproj", "{FE28C996-4EBB-4CEB-80F7-3B5C95227243}"
EndProject
Project("{FAE04EC0-301F-11D3-BF4B-00C04F79EFBC}") = "JunimoGate.Rewriter.Tests", "tests\JunimoGate.Rewriter.Tests\JunimoGate.Rewriter.Tests.csproj", "{85B1F58F-F795-4BCE-97F0-FD05CBFED4AA}"
EndProject
Project("{FAE04EC0-301F-11D3-BF4B-00C04F79EFBC}") = "JunimoGate.Mods.Tests", "tests\JunimoGate.Mods.Tests\JunimoGate.Mods.Tests.csproj", "{1CC3BD3E-E325-4543-AC0E-618CDC24323E}"
EndProject
Project("{FAE04EC0-301F-11D3-BF4B-00C04F79EFBC}") = "JunimoGate.GameInspector", "tools\JunimoGate.GameInspector\JunimoGate.GameInspector.csproj", "{12631BF0-4A71-4D07-9554-A76E473F91A3}"
EndProject
Project("{FAE04EC0-301F-11D3-BF4B-00C04F79EFBC}") = "JunimoGate.RuntimeProbe.Target", "tools\JunimoGate.RuntimeProbe.Target\JunimoGate.RuntimeProbe.Target.csproj", "{D54757D4-DE70-46E8-BE2A-16EC020D27B9}"
EndProject
Project("{FAE04EC0-301F-11D3-BF4B-00C04F79EFBC}") = "JunimoGate.RuntimeProbe.Core", "tools\JunimoGate.RuntimeProbe.Core\JunimoGate.RuntimeProbe.Core.csproj", "{8F21749C-8D1F-477C-AC80-D7ECF27360CB}"
EndProject
Project("{FAE04EC0-301F-11D3-BF4B-00C04F79EFBC}") = "JunimoGate.RuntimeProbe.Tests", "tests\JunimoGate.RuntimeProbe.Tests\JunimoGate.RuntimeProbe.Tests.csproj", "{333A67B3-0158-4137-B3A5-8F1758E96EA8}"
EndProject
Global
	GlobalSection(SolutionConfigurationPlatforms) = preSolution
		Debug|Any CPU = Debug|Any CPU
		Release|Any CPU = Release|Any CPU
	EndGlobalSection
	GlobalSection(SolutionProperties) = preSolution
		HideSolutionNode = FALSE
	EndGlobalSection
	GlobalSection(ProjectConfigurationPlatforms) = postSolution
		{3B215746-5B20-4D27-9C91-E323F6665C0F}.Debug|Any CPU.ActiveCfg = Debug|Any CPU
		{3B215746-5B20-4D27-9C91-E323F6665C0F}.Debug|Any CPU.Build.0 = Debug|Any CPU
		{3B215746-5B20-4D27-9C91-E323F6665C0F}.Release|Any CPU.ActiveCfg = Release|Any CPU
		{3B215746-5B20-4D27-9C91-E323F6665C0F}.Release|Any CPU.Build.0 = Release|Any CPU
		{2B6A2AAC-0749-4144-B33D-2CE5954D54EA}.Debug|Any CPU.ActiveCfg = Debug|Any CPU
		{2B6A2AAC-0749-4144-B33D-2CE5954D54EA}.Debug|Any CPU.Build.0 = Debug|Any CPU
		{2B6A2AAC-0749-4144-B33D-2CE5954D54EA}.Release|Any CPU.ActiveCfg = Release|Any CPU
		{2B6A2AAC-0749-4144-B33D-2CE5954D54EA}.Release|Any CPU.Build.0 = Release|Any CPU
		{58F81B5C-9558-44B9-ABA1-78AF230126C9}.Debug|Any CPU.ActiveCfg = Debug|Any CPU
		{58F81B5C-9558-44B9-ABA1-78AF230126C9}.Debug|Any CPU.Build.0 = Debug|Any CPU
		{58F81B5C-9558-44B9-ABA1-78AF230126C9}.Release|Any CPU.ActiveCfg = Release|Any CPU
		{58F81B5C-9558-44B9-ABA1-78AF230126C9}.Release|Any CPU.Build.0 = Release|Any CPU
		{87847170-22F9-4DAA-90EF-D1BD583680C7}.Debug|Any CPU.ActiveCfg = Debug|Any CPU
		{87847170-22F9-4DAA-90EF-D1BD583680C7}.Debug|Any CPU.Build.0 = Debug|Any CPU
		{87847170-22F9-4DAA-90EF-D1BD583680C7}.Release|Any CPU.ActiveCfg = Release|Any CPU
		{87847170-22F9-4DAA-90EF-D1BD583680C7}.Release|Any CPU.Build.0 = Release|Any CPU
		{3C4D7752-8E3E-4FB4-AD0A-A44038D3D1D0}.Debug|Any CPU.ActiveCfg = Debug|Any CPU
		{3C4D7752-8E3E-4FB4-AD0A-A44038D3D1D0}.Debug|Any CPU.Build.0 = Debug|Any CPU
		{3C4D7752-8E3E-4FB4-AD0A-A44038D3D1D0}.Release|Any CPU.ActiveCfg = Release|Any CPU
		{3C4D7752-8E3E-4FB4-AD0A-A44038D3D1D0}.Release|Any CPU.Build.0 = Release|Any CPU
		{1167E22D-AFBD-4EAB-BABB-73DCBF904DBE}.Debug|Any CPU.ActiveCfg = Debug|Any CPU
		{1167E22D-AFBD-4EAB-BABB-73DCBF904DBE}.Debug|Any CPU.Build.0 = Debug|Any CPU
		{1167E22D-AFBD-4EAB-BABB-73DCBF904DBE}.Release|Any CPU.ActiveCfg = Release|Any CPU
		{1167E22D-AFBD-4EAB-BABB-73DCBF904DBE}.Release|Any CPU.Build.0 = Release|Any CPU
		{245C8743-C7F8-462C-B602-42EF61BA2E89}.Debug|Any CPU.ActiveCfg = Debug|Any CPU
		{245C8743-C7F8-462C-B602-42EF61BA2E89}.Debug|Any CPU.Build.0 = Debug|Any CPU
		{245C8743-C7F8-462C-B602-42EF61BA2E89}.Release|Any CPU.ActiveCfg = Release|Any CPU
		{245C8743-C7F8-462C-B602-42EF61BA2E89}.Release|Any CPU.Build.0 = Release|Any CPU
		{689C969A-09BB-4D76-A599-9FBB52C730D0}.Debug|Any CPU.ActiveCfg = Debug|Any CPU
		{689C969A-09BB-4D76-A599-9FBB52C730D0}.Debug|Any CPU.Build.0 = Debug|Any CPU
		{689C969A-09BB-4D76-A599-9FBB52C730D0}.Release|Any CPU.ActiveCfg = Release|Any CPU
		{689C969A-09BB-4D76-A599-9FBB52C730D0}.Release|Any CPU.Build.0 = Release|Any CPU
		{A62948E3-9A46-4580-AD98-2319968BF330}.Debug|Any CPU.ActiveCfg = Debug|Any CPU
		{A62948E3-9A46-4580-AD98-2319968BF330}.Debug|Any CPU.Build.0 = Debug|Any CPU
		{A62948E3-9A46-4580-AD98-2319968BF330}.Release|Any CPU.ActiveCfg = Release|Any CPU
		{A62948E3-9A46-4580-AD98-2319968BF330}.Release|Any CPU.Build.0 = Release|Any CPU
		{05462C6D-85D0-48B2-9A60-D650A1C28E0D}.Debug|Any CPU.ActiveCfg = Debug|Any CPU
		{05462C6D-85D0-48B2-9A60-D650A1C28E0D}.Debug|Any CPU.Build.0 = Debug|Any CPU
		{05462C6D-85D0-48B2-9A60-D650A1C28E0D}.Release|Any CPU.ActiveCfg = Release|Any CPU
		{05462C6D-85D0-48B2-9A60-D650A1C28E0D}.Release|Any CPU.Build.0 = Release|Any CPU
		{FE28C996-4EBB-4CEB-80F7-3B5C95227243}.Debug|Any CPU.ActiveCfg = Debug|Any CPU
		{FE28C996-4EBB-4CEB-80F7-3B5C95227243}.Debug|Any CPU.Build.0 = Debug|Any CPU
		{FE28C996-4EBB-4CEB-80F7-3B5C95227243}.Release|Any CPU.ActiveCfg = Release|Any CPU
		{FE28C996-4EBB-4CEB-80F7-3B5C95227243}.Release|Any CPU.Build.0 = Release|Any CPU
		{85B1F58F-F795-4BCE-97F0-FD05CBFED4AA}.Debug|Any CPU.ActiveCfg = Debug|Any CPU
		{85B1F58F-F795-4BCE-97F0-FD05CBFED4AA}.Debug|Any CPU.Build.0 = Debug|Any CPU
		{85B1F58F-F795-4BCE-97F0-FD05CBFED4AA}.Release|Any CPU.ActiveCfg = Release|Any CPU
		{85B1F58F-F795-4BCE-97F0-FD05CBFED4AA}.Release|Any CPU.Build.0 = Release|Any CPU
		{1CC3BD3E-E325-4543-AC0E-618CDC24323E}.Debug|Any CPU.ActiveCfg = Debug|Any CPU
		{1CC3BD3E-E325-4543-AC0E-618CDC24323E}.Debug|Any CPU.Build.0 = Debug|Any CPU
		{1CC3BD3E-E325-4543-AC0E-618CDC24323E}.Release|Any CPU.ActiveCfg = Release|Any CPU
		{1CC3BD3E-E325-4543-AC0E-618CDC24323E}.Release|Any CPU.Build.0 = Release|Any CPU
		{12631BF0-4A71-4D07-9554-A76E473F91A3}.Debug|Any CPU.ActiveCfg = Debug|Any CPU
		{12631BF0-4A71-4D07-9554-A76E473F91A3}.Debug|Any CPU.Build.0 = Debug|Any CPU
		{12631BF0-4A71-4D07-9554-A76E473F91A3}.Release|Any CPU.ActiveCfg = Release|Any CPU
		{12631BF0-4A71-4D07-9554-A76E473F91A3}.Release|Any CPU.Build.0 = Release|Any CPU
		{D54757D4-DE70-46E8-BE2A-16EC020D27B9}.Debug|Any CPU.ActiveCfg = Debug|Any CPU
		{D54757D4-DE70-46E8-BE2A-16EC020D27B9}.Debug|Any CPU.Build.0 = Debug|Any CPU
		{D54757D4-DE70-46E8-BE2A-16EC020D27B9}.Release|Any CPU.ActiveCfg = Release|Any CPU
		{D54757D4-DE70-46E8-BE2A-16EC020D27B9}.Release|Any CPU.Build.0 = Release|Any CPU
		{8F21749C-8D1F-477C-AC80-D7ECF27360CB}.Debug|Any CPU.ActiveCfg = Debug|Any CPU
		{8F21749C-8D1F-477C-AC80-D7ECF27360CB}.Debug|Any CPU.Build.0 = Debug|Any CPU
		{8F21749C-8D1F-477C-AC80-D7ECF27360CB}.Release|Any CPU.ActiveCfg = Release|Any CPU
		{8F21749C-8D1F-477C-AC80-D7ECF27360CB}.Release|Any CPU.Build.0 = Release|Any CPU
		{333A67B3-0158-4137-B3A5-8F1758E96EA8}.Debug|Any CPU.ActiveCfg = Debug|Any CPU
		{333A67B3-0158-4137-B3A5-8F1758E96EA8}.Debug|Any CPU.Build.0 = Debug|Any CPU
		{333A67B3-0158-4137-B3A5-8F1758E96EA8}.Release|Any CPU.ActiveCfg = Release|Any CPU
		{333A67B3-0158-4137-B3A5-8F1758E96EA8}.Release|Any CPU.Build.0 = Release|Any CPU
	EndGlobalSection
	GlobalSection(NestedProjects) = preSolution
		{3B215746-5B20-4D27-9C91-E323F6665C0F} = {A32EC725-C1FE-45CA-82A6-FE0AE386FE76}
		{2B6A2AAC-0749-4144-B33D-2CE5954D54EA} = {A32EC725-C1FE-45CA-82A6-FE0AE386FE76}
		{58F81B5C-9558-44B9-ABA1-78AF230126C9} = {A32EC725-C1FE-45CA-82A6-FE0AE386FE76}
		{87847170-22F9-4DAA-90EF-D1BD583680C7} = {A32EC725-C1FE-45CA-82A6-FE0AE386FE76}
		{3C4D7752-8E3E-4FB4-AD0A-A44038D3D1D0} = {A32EC725-C1FE-45CA-82A6-FE0AE386FE76}
		{1167E22D-AFBD-4EAB-BABB-73DCBF904DBE} = {A32EC725-C1FE-45CA-82A6-FE0AE386FE76}
		{245C8743-C7F8-462C-B602-42EF61BA2E89} = {A32EC725-C1FE-45CA-82A6-FE0AE386FE76}
		{689C969A-09BB-4D76-A599-9FBB52C730D0} = {9AE4A204-9515-4C7C-85BF-2099B10442C6}
		{A62948E3-9A46-4580-AD98-2319968BF330} = {9AE4A204-9515-4C7C-85BF-2099B10442C6}
		{05462C6D-85D0-48B2-9A60-D650A1C28E0D} = {4C529050-2BC3-43E3-AA20-62568FBB40A6}
		{FE28C996-4EBB-4CEB-80F7-3B5C95227243} = {4C529050-2BC3-43E3-AA20-62568FBB40A6}
		{85B1F58F-F795-4BCE-97F0-FD05CBFED4AA} = {4C529050-2BC3-43E3-AA20-62568FBB40A6}
		{1CC3BD3E-E325-4543-AC0E-618CDC24323E} = {4C529050-2BC3-43E3-AA20-62568FBB40A6}
		{12631BF0-4A71-4D07-9554-A76E473F91A3} = {9AE4A204-9515-4C7C-85BF-2099B10442C6}
		{D54757D4-DE70-46E8-BE2A-16EC020D27B9} = {9AE4A204-9515-4C7C-85BF-2099B10442C6}
		{8F21749C-8D1F-477C-AC80-D7ECF27360CB} = {9AE4A204-9515-4C7C-85BF-2099B10442C6}
		{333A67B3-0158-4137-B3A5-8F1758E96EA8} = {4C529050-2BC3-43E3-AA20-62568FBB40A6}
	EndGlobalSection
EndGlobal
